{
  "version": 4,
  "terraform_version": "1.11.0",
  "serial": 8,
  "lineage": "d0207f13-0908-8432-9dcf-ceb55a94be7a",
  "outputs": {},
  "resources": [
    {
      "mode": "managed",
      "type": "azurerm_postgresql_flexible_server",
      "name": "primes",
      "provider": "provider[\"registry.terraform.io/hashicorp/azurerm\"]",
      "instances": [
        {
          "schema_version": 0,
          "attributes": {
            "administrator_login": "admin410",
            "administrator_password": "p466password321!",
            "administrator_password_wo": null,
            "administrator_password_wo_version": 0,
            "authentication": [
              {
                "active_directory_auth_enabled": false,
                "password_auth_enabled": true,
                "tenant_id": ""
              }
            ],
            "auto_grow_enabled": false,
            "backup_retention_days": 7,
            "create_mode": null,
            "customer_managed_key": [],
            "delegated_subnet_id": "",
            "fqdn": "p466-postgres-tarashbudhrani.postgres.database.azure.com",
            "geo_redundant_backup_enabled": false,
            "high_availability": [],
            "id": "/subscriptions/a28f1134-18f5-4fe3-9b37-f37739bd13f0/resourceGroups/practicum-rg/providers/Microsoft.DBforPostgreSQL/flexibleServers/p466-postgres-tarashbudhrani",
            "identity": [],
            "location": "centralus",
            "maintenance_window": [],
            "name": "p466-postgres-tarashbudhrani",
            "point_in_time_restore_time_in_utc": null,
            "private_dns_zone_id": "",
            "public_network_access_enabled": true,
            "replication_role": "",
            "resource_group_name": "practicum-rg",
            "sku_name": "GP_Standard_D2s_v3",
            "source_server_id": null,
            "storage_mb": 32768,
            "storage_tier": "P4",
            "tags": null,
            "timeouts": null,
            "version": "13",
            "zone": "1"
          },
          "sensitive_attributes": [
            [
              {
                "type": "get_attr",
                "value": "administrator_password"
              }
            ]
          ],
          "private": "eyJlMmJmYjczMC1lY2FhLTExZTYtOGY4OC0zNDM2M2JjN2M0YzAiOnsiY3JlYXRlIjozNjAwMDAwMDAwMDAwLCJkZWxldGUiOjM2MDAwMDAwMDAwMDAsInJlYWQiOjMwMDAwMDAwMDAwMCwidXBkYXRlIjozNjAwMDAwMDAwMDAwfX0=",
          "dependencies": [
            "azurerm_resource_group.practicum"
          ]
        }
      ]
    },
    {
      "mode": "managed",
      "type": "azurerm_postgresql_flexible_server_database",
      "name": "primesdb",
      "provider": "provider[\"registry.terraform.io/hashicorp/azurerm\"]",
      "instances": [
        {
          "schema_version": 0,
          "attributes": {
            "charset": "UTF8",
            "collation": "en_US.utf8",
            "id": "/subscriptions/a28f1134-18f5-4fe3-9b37-f37739bd13f0/resourceGroups/practicum-rg/providers/Microsoft.DBforPostgreSQL/flexibleServers/p466-postgres-tarashbudhrani/databases/primes",
            "name": "primes",
            "server_id": "/subscriptions/a28f1134-18f5-4fe3-9b37-f37739bd13f0/resourceGroups/practicum-rg/providers/Microsoft.DBforPostgreSQL/flexibleServers/p466-postgres-tarashbudhrani",
            "timeouts": null
          },
          "sensitive_attributes": [],
          "private": "eyJlMmJmYjczMC1lY2FhLTExZTYtOGY4OC0zNDM2M2JjN2M0YzAiOnsiY3JlYXRlIjoxODAwMDAwMDAwMDAwLCJkZWxldGUiOjE4MDAwMDAwMDAwMDAsInJlYWQiOjMwMDAwMDAwMDAwMH19",
          "dependencies": [
            "azurerm_postgresql_flexible_server.primes",
            "azurerm_resource_group.practicum"
          ]
        }
      ]
    },
    {
      "mode": "managed",
      "type": "azurerm_resource_group",
      "name": "practicum",
      "provider": "provider[\"registry.terraform.io/hashicorp/azurerm\"]",
      "instances": [
        {
          "schema_version": 0,
          "attributes": {
            "id": "/subscriptions/a28f1134-18f5-4fe3-9b37-f37739bd13f0/resourceGroups/practicum-rg",
            "location": "centralus",
            "managed_by": "",
            "name": "practicum-rg",
            "tags": null,
            "timeouts": null
          },
          "sensitive_attributes": [],
          "private": "eyJlMmJmYjczMC1lY2FhLTExZTYtOGY4OC0zNDM2M2JjN2M0YzAiOnsiY3JlYXRlIjo1NDAwMDAwMDAwMDAwLCJkZWxldGUiOjU0MDAwMDAwMDAwMDAsInJlYWQiOjMwMDAwMDAwMDAwMCwidXBkYXRlIjo1NDAwMDAwMDAwMDAwfX0="
        }
      ]
    }
  ],
  "check_results": null
}
